
Microsoft Visual Studio Solution File, Format Version 12.00
# Visual Studio 14
VisualStudioVersion = 14.0.25420.1
MinimumVisualStudioVersion = 10.0.40219.1
Project("{2150E333-8FDC-42A3-9474-1A3956D46DE8}") = "src", "src", "{F67FF761-8B7E-4669-8257-BB4EF29E2C14}"
EndProject
Project("{2150E333-8FDC-42A3-9474-1A3956D46DE8}") = "Solution Items", "Solution Items", "{A06D4EB2-2775-41C0-8CE7-A1CC767ADCD7}"
	ProjectSection(SolutionItems) = preProject
		global.json = global.json
	EndProjectSection
EndProject
Project("{8BB2217D-0F2D-49D1-97BC-3654ED321F3B}") = "Airidas_Svobunas_Assignement5", "src\Airidas_Svobunas_Assignement5\Airidas_Svobunas_Assignement5.xproj", "{D49928A7-6C6A-4085-904F-E973690F7603}"
EndProject
Global
	GlobalSection(SolutionConfigurationPlatforms) = preSolution
		Debug|Any CPU = Debug|Any CPU
		Release|Any CPU = Release|Any CPU
	EndGlobalSection
	GlobalSection(ProjectConfigurationPlatforms) = postSolution
		{D49928A7-6C6A-4085-904F-E973690F7603}.Debug|Any CPU.ActiveCfg = Debug|Any CPU
		{D49928A7-6C6A-4085-904F-E973690F7603}.Debug|Any CPU.Build.0 = Debug|Any CPU
		{D49928A7-6C6A-4085-904F-E973690F7603}.Release|Any CPU.ActiveCfg = Release|Any CPU
		{D49928A7-6C6A-4085-904F-E973690F7603}.Release|Any CPU.Build.0 = Release|Any CPU
	EndGlobalSection
	GlobalSection(SolutionProperties) = preSolution
		HideSolutionNode = FALSE
	EndGlobalSection
	GlobalSection(NestedProjects) = preSolution
		{D49928A7-6C6A-4085-904F-E973690F7603} = {F67FF761-8B7E-4669-8257-BB4EF29E2C14}
	EndGlobalSection
EndGlobal
